{
  "name": "seosona-os",
  "version": "3.0.0",
  "lockfileVersion": 3,
  "requires": true,
  "packages": {
    "": {
      "name": "seosona-os",
      "version": "3.0.0",
      "hasInstallScript": true,
      "license": "MIT",
      "bin": {
        "seosona-audit": "1_CORE/scripts/audit_check.js"
      },
      "engines": {
        "node": ">=18.0.0",
        "npm": ">=9.0.0"
      }
    }
  }
}
